// !$*UTF8*$!
{
	archiveVersion = 1;
	classes = {
	};
	objectVersion = 46;
	objects = {

/* Begin PBXBuildFile section */
		C0017C5C1BEDB47C00691F7D /* FriendsCell.swift in Sources */ = {isa = PBXBuildFile; fileRef = C0017C5B1BEDB47C00691F7D /* FriendsCell.swift */; };
		C0017C5E1BEEC5D300691F7D /* FriendScorecardCell.swift in Sources */ = {isa = PBXBuildFile; fileRef = C0017C5D1BEEC5D300691F7D /* FriendScorecardCell.swift */; };
		C01F71BA1C33354400887522 /* Realm.framework in Frameworks */ = {isa = PBXBuildFile; fileRef = C01F71B81C33354400887522 /* Realm.framework */; };
		C01F71BB1C33354400887522 /* Realm.framework in Embed Frameworks */ = {isa = PBXBuildFile; fileRef = C01F71B81C33354400887522 /* Realm.framework */; settings = {ATTRIBUTES = (CodeSignOnCopy, RemoveHeadersOnCopy, ); }; };
		C01F71BC1C33354400887522 /* RealmSwift.framework in Frameworks */ = {isa = PBXBuildFile; fileRef = C01F71B91C33354400887522 /* RealmSwift.framework */; };
		C01F71BD1C33354400887522 /* RealmSwift.framework in Embed Frameworks */ = {isa = PBXBuildFile; fileRef = C01F71B91C33354400887522 /* RealmSwift.framework */; settings = {ATTRIBUTES = (CodeSignOnCopy, RemoveHeadersOnCopy, ); }; };
		C01F71C11C338B5000887522 /* CourseSearchTVC.swift in Sources */ = {isa = PBXBuildFile; fileRef = C01F71C01C338B5000887522 /* CourseSearchTVC.swift */; };
		C0255B7F1C330A4500B8BCE6 /* Course.swift in Sources */ = {isa = PBXBuildFile; fileRef = C0255B7E1C330A4500B8BCE6 /* Course.swift */; };
		C02E54941C38EB2B000FCA13 /* ALCameraViewController.framework in Frameworks */ = {isa = PBXBuildFile; fileRef = C02E54931C38EB2B000FCA13 /* ALCameraViewController.framework */; };
		C02E54971C3CE919000FCA13 /* PrivacyPolicyVC.swift in Sources */ = {isa = PBXBuildFile; fileRef = C02E54961C3CE919000FCA13 /* PrivacyPolicyVC.swift */; };
		C038BF161BE80AA4004AE33E /* AppDelegate.swift in Sources */ = {isa = PBXBuildFile; fileRef = C038BF151BE80AA4004AE33E /* AppDelegate.swift */; };
		C038BF1B1BE80AA4004AE33E /* Main.storyboard in Resources */ = {isa = PBXBuildFile; fileRef = C038BF191BE80AA4004AE33E /* Main.storyboard */; };
		C038BF1D1BE80AA4004AE33E /* Assets.xcassets in Resources */ = {isa = PBXBuildFile; fileRef = C038BF1C1BE80AA4004AE33E /* Assets.xcassets */; };
		C038BF201BE80AA4004AE33E /* LaunchScreen.storyboard in Resources */ = {isa = PBXBuildFile; fileRef = C038BF1E1BE80AA4004AE33E /* LaunchScreen.storyboard */; };
		C038BF2B1BE80AA4004AE33E /* GolfProfileTests.swift in Sources */ = {isa = PBXBuildFile; fileRef = C038BF2A1BE80AA4004AE33E /* GolfProfileTests.swift */; };
		C038BF361BE80AA4004AE33E /* GolfProfileUITests.swift in Sources */ = {isa = PBXBuildFile; fileRef = C038BF351BE80AA4004AE33E /* GolfProfileUITests.swift */; };
		C038BF441BE80BAA004AE33E /* ProfileViewController.swift in Sources */ = {isa = PBXBuildFile; fileRef = C038BF431BE80BAA004AE33E /* ProfileViewController.swift */; };
		C038BF4E1BE83EFC004AE33E /* AudioToolbox.framework in Frameworks */ = {isa = PBXBuildFile; fileRef = C038BF4D1BE83EFC004AE33E /* AudioToolbox.framework */; };
		C038BF501BE83F04004AE33E /* CFNetwork.framework in Frameworks */ = {isa = PBXBuildFile; fileRef = C038BF4F1BE83F04004AE33E /* CFNetwork.framework */; };
		C038BF521BE83F14004AE33E /* CoreGraphics.framework in Frameworks */ = {isa = PBXBuildFile; fileRef = C038BF511BE83F14004AE33E /* CoreGraphics.framework */; };
		C038BF541BE83F1A004AE33E /* CoreLocation.framework in Frameworks */ = {isa = PBXBuildFile; fileRef = C038BF531BE83F1A004AE33E /* CoreLocation.framework */; };
		C038BF561BE83F20004AE33E /* QuartzCore.framework in Frameworks */ = {isa = PBXBuildFile; fileRef = C038BF551BE83F20004AE33E /* QuartzCore.framework */; };
		C038BF581BE83F25004AE33E /* Security.framework in Frameworks */ = {isa = PBXBuildFile; fileRef = C038BF571BE83F25004AE33E /* Security.framework */; };
		C038BF5A1BE83F2C004AE33E /* StoreKit.framework in Frameworks */ = {isa = PBXBuildFile; fileRef = C038BF591BE83F2C004AE33E /* StoreKit.framework */; };
		C038BF5C1BE83F36004AE33E /* SystemConfiguration.framework in Frameworks */ = {isa = PBXBuildFile; fileRef = C038BF5B1BE83F36004AE33E /* SystemConfiguration.framework */; };
		C038BF5E1BE83F40004AE33E /* libz.tbd in Frameworks */ = {isa = PBXBuildFile; fileRef = C038BF5D1BE83F40004AE33E /* libz.tbd */; };
		C038BF601BE83F4A004AE33E /* libsqlite3.tbd in Frameworks */ = {isa = PBXBuildFile; fileRef = C038BF5F1BE83F4A004AE33E /* libsqlite3.tbd */; };
		C038BF621BE83F67004AE33E /* Accounts.framework in Frameworks */ = {isa = PBXBuildFile; fileRef = C038BF611BE83F67004AE33E /* Accounts.framework */; };
		C038BF641BE83F6E004AE33E /* Social.framework in Frameworks */ = {isa = PBXBuildFile; fileRef = C038BF631BE83F6E004AE33E /* Social.framework */; };
		C038BF6C1BE84072004AE33E /* Bolts.framework in Frameworks */ = {isa = PBXBuildFile; fileRef = C038BF651BE84072004AE33E /* Bolts.framework */; };
		C038BF6D1BE84072004AE33E /* Parse.framework in Frameworks */ = {isa = PBXBuildFile; fileRef = C038BF661BE84072004AE33E /* Parse.framework */; };
		C038BF6E1BE84072004AE33E /* ParseCrashReporting.framework in Frameworks */ = {isa = PBXBuildFile; fileRef = C038BF671BE84072004AE33E /* ParseCrashReporting.framework */; };
		C038BF6F1BE84072004AE33E /* ParseFacebookUtils.framework in Frameworks */ = {isa = PBXBuildFile; fileRef = C038BF681BE84072004AE33E /* ParseFacebookUtils.framework */; };
		C038BF701BE84072004AE33E /* ParseFacebookUtilsV4.framework in Frameworks */ = {isa = PBXBuildFile; fileRef = C038BF691BE84072004AE33E /* ParseFacebookUtilsV4.framework */; };
		C038BF711BE84072004AE33E /* ParseTwitterUtils.framework in Frameworks */ = {isa = PBXBuildFile; fileRef = C038BF6A1BE84072004AE33E /* ParseTwitterUtils.framework */; };
		C038BF761BE84287004AE33E /* LoginViewController.swift in Sources */ = {isa = PBXBuildFile; fileRef = C038BF751BE84287004AE33E /* LoginViewController.swift */; };
		C03D92301C29E6000084B255 /* Fabric.framework in Frameworks */ = {isa = PBXBuildFile; fileRef = C03D922E1C29E6000084B255 /* Fabric.framework */; };
		C03D92311C29E6000084B255 /* Crashlytics.framework in Frameworks */ = {isa = PBXBuildFile; fileRef = C03D922F1C29E6000084B255 /* Crashlytics.framework */; };
		C03D92341C29EDA60084B255 /* ParseUI.framework in Frameworks */ = {isa = PBXBuildFile; fileRef = C03D92321C29ED610084B255 /* ParseUI.framework */; };
		C042BE6D1C38DE17002CA9ED /* Foundation.framework in Frameworks */ = {isa = PBXBuildFile; fileRef = C042BE6C1C38DE17002CA9ED /* Foundation.framework */; };
		C04597481BFB7C8A001A004D /* Keys.plist in Resources */ = {isa = PBXBuildFile; fileRef = C04597471BFB7C8A001A004D /* Keys.plist */; };
		C06C0F471C3DEB7400283E34 /* DeletAccountVC.swift in Sources */ = {isa = PBXBuildFile; fileRef = C06C0F461C3DEB7400283E34 /* DeletAccountVC.swift */; };
		C06D00921BE8F8F200A514FE /* FriendProfileViewController.swift in Sources */ = {isa = PBXBuildFile; fileRef = C06D00911BE8F8F200A514FE /* FriendProfileViewController.swift */; };
		C06D00941BE9027E00A514FE /* SignUpViewController.swift in Sources */ = {isa = PBXBuildFile; fileRef = C06D00931BE9027E00A514FE /* SignUpViewController.swift */; };
		C06D00961BE90A6E00A514FE /* NewScoreViewController.swift in Sources */ = {isa = PBXBuildFile; fileRef = C06D00951BE90A6E00A514FE /* NewScoreViewController.swift */; };
		C06D00981BE980D500A514FE /* CurrentUserScorecardCell.swift in Sources */ = {isa = PBXBuildFile; fileRef = C06D00971BE980D500A514FE /* CurrentUserScorecardCell.swift */; };
		C07DDFA31C245AE000F69E4B /* ForgotPasswordVC.swift in Sources */ = {isa = PBXBuildFile; fileRef = C07DDFA21C245AE000F69E4B /* ForgotPasswordVC.swift */; };
		C07E7C401C0376B500A86EB7 /* GolfScorecard.swift in Sources */ = {isa = PBXBuildFile; fileRef = C07E7C3F1C0376B500A86EB7 /* GolfScorecard.swift */; };
		C0A0AEC81C0A7E7000671B18 /* GolferProfile.swift in Sources */ = {isa = PBXBuildFile; fileRef = C0A0AEC71C0A7E7000671B18 /* GolferProfile.swift */; };
		C0A288481BED2D0C0003AF11 /* FriendsVC.swift in Sources */ = {isa = PBXBuildFile; fileRef = C0A288471BED2D0C0003AF11 /* FriendsVC.swift */; };
		C0A2884A1BED37810003AF11 /* FindFriendCell.swift in Sources */ = {isa = PBXBuildFile; fileRef = C0A288491BED37810003AF11 /* FindFriendCell.swift */; };
		C0ABFA5A1BEA708D00DFF9FF /* EditProfileViewController.swift in Sources */ = {isa = PBXBuildFile; fileRef = C0ABFA591BEA708D00DFF9FF /* EditProfileViewController.swift */; };
		C0AF95141C1B18EB008DCB4A /* SwiftyJSON.swift in Sources */ = {isa = PBXBuildFile; fileRef = C0AF95131C1B18EB008DCB4A /* SwiftyJSON.swift */; };
		C0AFA2E81BF0106800C9F058 /* ProfilePhotoAndScorecardPhotoVC.swift in Sources */ = {isa = PBXBuildFile; fileRef = C0AFA2E71BF0106800C9F058 /* ProfilePhotoAndScorecardPhotoVC.swift */; };
		C0C74F381BF4206700EB4E11 /* LeaderboardViewController.swift in Sources */ = {isa = PBXBuildFile; fileRef = C0C74F371BF4206700EB4E11 /* LeaderboardViewController.swift */; };
		C0C74F3A1BF424E400EB4E11 /* LeaderboardCell.swift in Sources */ = {isa = PBXBuildFile; fileRef = C0C74F391BF424E400EB4E11 /* LeaderboardCell.swift */; };
		C0CD846E1C34E439008E5ECC /* courseDataBase.realm in Resources */ = {isa = PBXBuildFile; fileRef = C0CD846D1C34E427008E5ECC /* courseDataBase.realm */; };
		C0CD84701C34F23C008E5ECC /* RealmDataManager.swift in Sources */ = {isa = PBXBuildFile; fileRef = C0CD846F1C34F23C008E5ECC /* RealmDataManager.swift */; };
		C0CD84721C357173008E5ECC /* PreviousCourse.swift in Sources */ = {isa = PBXBuildFile; fileRef = C0CD84711C357173008E5ECC /* PreviousCourse.swift */; };
		C0DD4D8A1C1F087200AE3799 /* SearchCourseCell.swift in Sources */ = {isa = PBXBuildFile; fileRef = C0DD4D891C1F087200AE3799 /* SearchCourseCell.swift */; };
		C0DD4D8C1C1F089800AE3799 /* PreviousCourseCell.swift in Sources */ = {isa = PBXBuildFile; fileRef = C0DD4D8B1C1F089800AE3799 /* PreviousCourseCell.swift */; };
/* End PBXBuildFile section */

/* Begin PBXContainerItemProxy section */
		C038BF271BE80AA4004AE33E /* PBXContainerItemProxy */ = {
			isa = PBXContainerItemProxy;
			containerPortal = C038BF0A1BE80AA4004AE33E /* Project object */;
			proxyType = 1;
			remoteGlobalIDString = C038BF111BE80AA4004AE33E;
			remoteInfo = GolfProfile;
		};
		C038BF321BE80AA4004AE33E /* PBXContainerItemProxy */ = {
			isa = PBXContainerItemProxy;
			containerPortal = C038BF0A1BE80AA4004AE33E /* Project object */;
			proxyType = 1;
			remoteGlobalIDString = C038BF111BE80AA4004AE33E;
			remoteInfo = GolfProfile;
		};
/* End PBXContainerItemProxy section */

/* Begin PBXCopyFilesBuildPhase section */
		C01F71B41C332A2B00887522 /* Embed Frameworks */ = {
			isa = PBXCopyFilesBuildPhase;
			buildActionMask = 2147483647;
			dstPath = "";
			dstSubfolderSpec = 10;
			files = (
				C01F71BD1C33354400887522 /* RealmSwift.framework in Embed Frameworks */,
				C01F71BB1C33354400887522 /* Realm.framework in Embed Frameworks */,
			);
			name = "Embed Frameworks";
			runOnlyForDeploymentPostprocessing = 0;
		};
/* End PBXCopyFilesBuildPhase section */

/* Begin PBXFileReference section */
		1F734DF4E326CF9F84DF1E5E /* Pods-GolfProfile.release.xcconfig */ = {isa = PBXFileReference; includeInIndex = 1; lastKnownFileType = text.xcconfig; name = "Pods-GolfProfile.release.xcconfig"; path = "Pods/Target Support Files/Pods-GolfProfile/Pods-GolfProfile.release.xcconfig"; sourceTree = "<group>"; };
		64CBA8A5703403B4A985B725 /* Pods-GolfProfile.debug.xcconfig */ = {isa = PBXFileReference; includeInIndex = 1; lastKnownFileType = text.xcconfig; name = "Pods-GolfProfile.debug.xcconfig"; path = "Pods/Target Support Files/Pods-GolfProfile/Pods-GolfProfile.debug.xcconfig"; sourceTree = "<group>"; };
		C0017C5B1BEDB47C00691F7D /* FriendsCell.swift */ = {isa = PBXFileReference; fileEncoding = 4; lastKnownFileType = sourcecode.swift; path = FriendsCell.swift; sourceTree = "<group>"; };
		C0017C5D1BEEC5D300691F7D /* FriendScorecardCell.swift */ = {isa = PBXFileReference; fileEncoding = 4; lastKnownFileType = sourcecode.swift; path = FriendScorecardCell.swift; sourceTree = "<group>"; };
		C01F71B81C33354400887522 /* Realm.framework */ = {isa = PBXFileReference; lastKnownFileType = wrapper.framework; name = Realm.framework; path = ../Realm.framework; sourceTree = "<group>"; };
		C01F71B91C33354400887522 /* RealmSwift.framework */ = {isa = PBXFileReference; lastKnownFileType = wrapper.framework; name = RealmSwift.framework; path = ../RealmSwift.framework; sourceTree = "<group>"; };
		C01F71C01C338B5000887522 /* CourseSearchTVC.swift */ = {isa = PBXFileReference; fileEncoding = 4; lastKnownFileType = sourcecode.swift; path = CourseSearchTVC.swift; sourceTree = "<group>"; };
		C0255B7E1C330A4500B8BCE6 /* Course.swift */ = {isa = PBXFileReference; fileEncoding = 4; lastKnownFileType = sourcecode.swift; path = Course.swift; sourceTree = "<group>"; };
		C02E54931C38EB2B000FCA13 /* ALCameraViewController.framework */ = {isa = PBXFileReference; lastKnownFileType = wrapper.framework; name = ALCameraViewController.framework; path = "build/Debug-iphoneos/ALCameraViewController.framework"; sourceTree = SOURCE_ROOT; };
		C02E54961C3CE919000FCA13 /* PrivacyPolicyVC.swift */ = {isa = PBXFileReference; fileEncoding = 4; lastKnownFileType = sourcecode.swift; name = PrivacyPolicyVC.swift; path = ../PrivacyPolicyVC.swift; sourceTree = "<group>"; };
		C038BF121BE80AA4004AE33E /* GolfProfile.app */ = {isa = PBXFileReference; explicitFileType = wrapper.application; includeInIndex = 0; path = GolfProfile.app; sourceTree = BUILT_PRODUCTS_DIR; };
		C038BF151BE80AA4004AE33E /* AppDelegate.swift */ = {isa = PBXFileReference; lastKnownFileType = sourcecode.swift; path = AppDelegate.swift; sourceTree = "<group>"; };
		C038BF1A1BE80AA4004AE33E /* Base */ = {isa = PBXFileReference; lastKnownFileType = file.storyboard; name = Base; path = Base.lproj/Main.storyboard; sourceTree = "<group>"; };
		C038BF1C1BE80AA4004AE33E /* Assets.xcassets */ = {isa = PBXFileReference; lastKnownFileType = folder.assetcatalog; path = Assets.xcassets; sourceTree = "<group>"; };
		C038BF1F1BE80AA4004AE33E /* Base */ = {isa = PBXFileReference; lastKnownFileType = file.storyboard; name = Base; path = Base.lproj/LaunchScreen.storyboard; sourceTree = "<group>"; };
		C038BF211BE80AA4004AE33E /* Info.plist */ = {isa = PBXFileReference; lastKnownFileType = text.plist.xml; path = Info.plist; sourceTree = "<group>"; };
		C038BF261BE80AA4004AE33E /* GolfProfileTests.xctest */ = {isa = PBXFileReference; explicitFileType = wrapper.cfbundle; includeInIndex = 0; path = GolfProfileTests.xctest; sourceTree = BUILT_PRODUCTS_DIR; };
		C038BF2A1BE80AA4004AE33E /* GolfProfileTests.swift */ = {isa = PBXFileReference; lastKnownFileType = sourcecode.swift; path = GolfProfileTests.swift; sourceTree = "<group>"; };
		C038BF2C1BE80AA4004AE33E /* Info.plist */ = {isa = PBXFileReference; lastKnownFileType = text.plist.xml; path = Info.plist; sourceTree = "<group>"; };
		C038BF311BE80AA4004AE33E /* GolfProfileUITests.xctest */ = {isa = PBXFileReference; explicitFileType = wrapper.cfbundle; includeInIndex = 0; path = GolfProfileUITests.xctest; sourceTree = BUILT_PRODUCTS_DIR; };
		C038BF351BE80AA4004AE33E /* GolfProfileUITests.swift */ = {isa = PBXFileReference; lastKnownFileType = sourcecode.swift; path = GolfProfileUITests.swift; sourceTree = "<group>"; };
		C038BF371BE80AA4004AE33E /* Info.plist */ = {isa = PBXFileReference; lastKnownFileType = text.plist.xml; path = Info.plist; sourceTree = "<group>"; };
		C038BF431BE80BAA004AE33E /* ProfileViewController.swift */ = {isa = PBXFileReference; fileEncoding = 4; lastKnownFileType = sourcecode.swift; name = ProfileViewController.swift; path = ../ProfileViewController.swift; sourceTree = "<group>"; };
		C038BF4D1BE83EFC004AE33E /* AudioToolbox.framework */ = {isa = PBXFileReference; lastKnownFileType = wrapper.framework; name = AudioToolbox.framework; path = System/Library/Frameworks/AudioToolbox.framework; sourceTree = SDKROOT; };
		C038BF4F1BE83F04004AE33E /* CFNetwork.framework */ = {isa = PBXFileReference; lastKnownFileType = wrapper.framework; name = CFNetwork.framework; path = System/Library/Frameworks/CFNetwork.framework; sourceTree = SDKROOT; };
		C038BF511BE83F14004AE33E /* CoreGraphics.framework */ = {isa = PBXFileReference; lastKnownFileType = wrapper.framework; name = CoreGraphics.framework; path = System/Library/Frameworks/CoreGraphics.framework; sourceTree = SDKROOT; };
		C038BF531BE83F1A004AE33E /* CoreLocation.framework */ = {isa = PBXFileReference; lastKnownFileType = wrapper.framework; name = CoreLocation.framework; path = System/Library/Frameworks/CoreLocation.framework; sourceTree = SDKROOT; };
		C038BF551BE83F20004AE33E /* QuartzCore.framework */ = {isa = PBXFileReference; lastKnownFileType = wrapper.framework; name = QuartzCore.framework; path = System/Library/Frameworks/QuartzCore.framework; sourceTree = SDKROOT; };
		C038BF571BE83F25004AE33E /* Security.framework */ = {isa = PBXFileReference; lastKnownFileType = wrapper.framework; name = Security.framework; path = System/Library/Frameworks/Security.framework; sourceTree = SDKROOT; };
		C038BF591BE83F2C004AE33E /* StoreKit.framework */ = {isa = PBXFileReference; lastKnownFileType = wrapper.framework; name = StoreKit.framework; path = System/Library/Frameworks/StoreKit.framework; sourceTree = SDKROOT; };
		C038BF5B1BE83F36004AE33E /* SystemConfiguration.framework */ = {isa = PBXFileReference; lastKnownFileType = wrapper.framework; name = SystemConfiguration.framework; path = System/Library/Frameworks/SystemConfiguration.framework; sourceTree = SDKROOT; };
		C038BF5D1BE83F40004AE33E /* libz.tbd */ = {isa = PBXFileReference; lastKnownFileType = "sourcecode.text-based-dylib-definition"; name = libz.tbd; path = usr/lib/libz.tbd; sourceTree = SDKROOT; };
		C038BF5F1BE83F4A004AE33E /* libsqlite3.tbd */ = {isa = PBXFileReference; lastKnownFileType = "sourcecode.text-based-dylib-definition"; name = libsqlite3.tbd; path = usr/lib/libsqlite3.tbd; sourceTree = SDKROOT; };
		C038BF611BE83F67004AE33E /* Accounts.framework */ = {isa = PBXFileReference; lastKnownFileType = wrapper.framework; name = Accounts.framework; path = System/Library/Frameworks/Accounts.framework; sourceTree = SDKROOT; };
		C038BF631BE83F6E004AE33E /* Social.framework */ = {isa = PBXFileReference; lastKnownFileType = wrapper.framework; name = Social.framework; path = System/Library/Frameworks/Social.framework; sourceTree = SDKROOT; };
		C038BF651BE84072004AE33E /* Bolts.framework */ = {isa = PBXFileReference; lastKnownFileType = wrapper.framework; path = Bolts.framework; sourceTree = "<group>"; };
		C038BF661BE84072004AE33E /* Parse.framework */ = {isa = PBXFileReference; lastKnownFileType = wrapper.framework; path = Parse.framework; sourceTree = "<group>"; };
		C038BF671BE84072004AE33E /* ParseCrashReporting.framework */ = {isa = PBXFileReference; lastKnownFileType = wrapper.framework; path = ParseCrashReporting.framework; sourceTree = "<group>"; };
		C038BF681BE84072004AE33E /* ParseFacebookUtils.framework */ = {isa = PBXFileReference; lastKnownFileType = wrapper.framework; path = ParseFacebookUtils.framework; sourceTree = "<group>"; };
		C038BF691BE84072004AE33E /* ParseFacebookUtilsV4.framework */ = {isa = PBXFileReference; lastKnownFileType = wrapper.framework; path = ParseFacebookUtilsV4.framework; sourceTree = "<group>"; };
		C038BF6A1BE84072004AE33E /* ParseTwitterUtils.framework */ = {isa = PBXFileReference; lastKnownFileType = wrapper.framework; path = ParseTwitterUtils.framework; sourceTree = "<group>"; };
		C038BF751BE84287004AE33E /* LoginViewController.swift */ = {isa = PBXFileReference; fileEncoding = 4; lastKnownFileType = sourcecode.swift; path = LoginViewController.swift; sourceTree = "<group>"; };
		C03D922E1C29E6000084B255 /* Fabric.framework */ = {isa = PBXFileReference; lastKnownFileType = wrapper.framework; path = Fabric.framework; sourceTree = SOURCE_ROOT; };
		C03D922F1C29E6000084B255 /* Crashlytics.framework */ = {isa = PBXFileReference; lastKnownFileType = wrapper.framework; path = Crashlytics.framework; sourceTree = SOURCE_ROOT; };
		C03D92321C29ED610084B255 /* ParseUI.framework */ = {isa = PBXFileReference; lastKnownFileType = wrapper.framework; path = ParseUI.framework; sourceTree = "<group>"; };
		C042BE6C1C38DE17002CA9ED /* Foundation.framework */ = {isa = PBXFileReference; lastKnownFileType = wrapper.framework; name = Foundation.framework; path = System/Library/Frameworks/Foundation.framework; sourceTree = SDKROOT; };
		C04597471BFB7C8A001A004D /* Keys.plist */ = {isa = PBXFileReference; fileEncoding = 4; lastKnownFileType = text.plist.xml; name = Keys.plist; path = ../Keys.plist; sourceTree = "<group>"; };
		C06C0F461C3DEB7400283E34 /* DeletAccountVC.swift */ = {isa = PBXFileReference; fileEncoding = 4; lastKnownFileType = sourcecode.swift; path = DeletAccountVC.swift; sourceTree = "<group>"; };
		C06D00911BE8F8F200A514FE /* FriendProfileViewController.swift */ = {isa = PBXFileReference; fileEncoding = 4; lastKnownFileType = sourcecode.swift; path = FriendProfileViewController.swift; sourceTree = "<group>"; };
		C06D00931BE9027E00A514FE /* SignUpViewController.swift */ = {isa = PBXFileReference; fileEncoding = 4; lastKnownFileType = sourcecode.swift; path = SignUpViewController.swift; sourceTree = "<group>"; };
		C06D00951BE90A6E00A514FE /* NewScoreViewController.swift */ = {isa = PBXFileReference; fileEncoding = 4; lastKnownFileType = sourcecode.swift; path = NewScoreViewController.swift; sourceTree = "<group>"; };
		C06D00971BE980D500A514FE /* CurrentUserScorecardCell.swift */ = {isa = PBXFileReference; fileEncoding = 4; lastKnownFileType = sourcecode.swift; path = CurrentUserScorecardCell.swift; sourceTree = "<group>"; };
		C07DDFA21C245AE000F69E4B /* ForgotPasswordVC.swift */ = {isa = PBXFileReference; fileEncoding = 4; lastKnownFileType = sourcecode.swift; path = ForgotPasswordVC.swift; sourceTree = "<group>"; };
		C07E7C3F1C0376B500A86EB7 /* GolfScorecard.swift */ = {isa = PBXFileReference; fileEncoding = 4; lastKnownFileType = sourcecode.swift; path = GolfScorecard.swift; sourceTree = "<group>"; };
		C0A0AEC71C0A7E7000671B18 /* GolferProfile.swift */ = {isa = PBXFileReference; fileEncoding = 4; lastKnownFileType = sourcecode.swift; path = GolferProfile.swift; sourceTree = "<group>"; };
		C0A288471BED2D0C0003AF11 /* FriendsVC.swift */ = {isa = PBXFileReference; fileEncoding = 4; lastKnownFileType = sourcecode.swift; path = FriendsVC.swift; sourceTree = "<group>"; };
		C0A288491BED37810003AF11 /* FindFriendCell.swift */ = {isa = PBXFileReference; fileEncoding = 4; lastKnownFileType = sourcecode.swift; path = FindFriendCell.swift; sourceTree = "<group>"; };
		C0ABFA591BEA708D00DFF9FF /* EditProfileViewController.swift */ = {isa = PBXFileReference; fileEncoding = 4; lastKnownFileType = sourcecode.swift; path = EditProfileViewController.swift; sourceTree = "<group>"; };
		C0AF95131C1B18EB008DCB4A /* SwiftyJSON.swift */ = {isa = PBXFileReference; fileEncoding = 4; lastKnownFileType = sourcecode.swift; path = SwiftyJSON.swift; sourceTree = "<group>"; };
		C0AFA2E71BF0106800C9F058 /* ProfilePhotoAndScorecardPhotoVC.swift */ = {isa = PBXFileReference; fileEncoding = 4; lastKnownFileType = sourcecode.swift; path = ProfilePhotoAndScorecardPhotoVC.swift; sourceTree = "<group>"; };
		C0C74F371BF4206700EB4E11 /* LeaderboardViewController.swift */ = {isa = PBXFileReference; fileEncoding = 4; lastKnownFileType = sourcecode.swift; path = LeaderboardViewController.swift; sourceTree = "<group>"; };
		C0C74F391BF424E400EB4E11 /* LeaderboardCell.swift */ = {isa = PBXFileReference; fileEncoding = 4; lastKnownFileType = sourcecode.swift; path = LeaderboardCell.swift; sourceTree = "<group>"; };
		C0CD846D1C34E427008E5ECC /* courseDataBase.realm */ = {isa = PBXFileReference; lastKnownFileType = file; path = courseDataBase.realm; sourceTree = "<group>"; };
		C0CD846F1C34F23C008E5ECC /* RealmDataManager.swift */ = {isa = PBXFileReference; fileEncoding = 4; lastKnownFileType = sourcecode.swift; path = RealmDataManager.swift; sourceTree = "<group>"; };
		C0CD84711C357173008E5ECC /* PreviousCourse.swift */ = {isa = PBXFileReference; fileEncoding = 4; lastKnownFileType = sourcecode.swift; path = PreviousCourse.swift; sourceTree = "<group>"; };
		C0DD4D891C1F087200AE3799 /* SearchCourseCell.swift */ = {isa = PBXFileReference; fileEncoding = 4; lastKnownFileType = sourcecode.swift; path = SearchCourseCell.swift; sourceTree = "<group>"; };
		C0DD4D8B1C1F089800AE3799 /* PreviousCourseCell.swift */ = {isa = PBXFileReference; fileEncoding = 4; lastKnownFileType = sourcecode.swift; path = PreviousCourseCell.swift; sourceTree = "<group>"; };
		E5915A5F1D5560589B43882F /* Pods_GolfProfile.framework */ = {isa = PBXFileReference; explicitFileType = wrapper.framework; includeInIndex = 0; path = Pods_GolfProfile.framework; sourceTree = BUILT_PRODUCTS_DIR; };
/* End PBXFileReference section */

/* Begin PBXFrameworksBuildPhase section */
		C038BF0F1BE80AA4004AE33E /* Frameworks */ = {
			isa = PBXFrameworksBuildPhase;
			buildActionMask = 2147483647;
			files = (
				C02E54941C38EB2B000FCA13 /* ALCameraViewController.framework in Frameworks */,
				C042BE6D1C38DE17002CA9ED /* Foundation.framework in Frameworks */,
				C038BF641BE83F6E004AE33E /* Social.framework in Frameworks */,
				C038BF6E1BE84072004AE33E /* ParseCrashReporting.framework in Frameworks */,
				C038BF621BE83F67004AE33E /* Accounts.framework in Frameworks */,
				C01F71BA1C33354400887522 /* Realm.framework in Frameworks */,
				C01F71BC1C33354400887522 /* RealmSwift.framework in Frameworks */,
				C038BF601BE83F4A004AE33E /* libsqlite3.tbd in Frameworks */,
				C038BF711BE84072004AE33E /* ParseTwitterUtils.framework in Frameworks */,
				C038BF5E1BE83F40004AE33E /* libz.tbd in Frameworks */,
				C038BF5C1BE83F36004AE33E /* SystemConfiguration.framework in Frameworks */,
				C038BF5A1BE83F2C004AE33E /* StoreKit.framework in Frameworks */,
				C038BF581BE83F25004AE33E /* Security.framework in Frameworks */,
				C038BF6C1BE84072004AE33E /* Bolts.framework in Frameworks */,
				C03D92301C29E6000084B255 /* Fabric.framework in Frameworks */,
				C038BF561BE83F20004AE33E /* QuartzCore.framework in Frameworks */,
				C03D92311C29E6000084B255 /* Crashlytics.framework in Frameworks */,
				C038BF541BE83F1A004AE33E /* CoreLocation.framework in Frameworks */,
				C038BF521BE83F14004AE33E /* CoreGraphics.framework in Frameworks */,
				C038BF501BE83F04004AE33E /* CFNetwork.framework in Frameworks */,
				C038BF6D1BE84072004AE33E /* Parse.framework in Frameworks */,
				C038BF701BE84072004AE33E /* ParseFacebookUtilsV4.framework in Frameworks */,
				C038BF6F1BE84072004AE33E /* ParseFacebookUtils.framework in Frameworks */,
				C03D92341C29EDA60084B255 /* ParseUI.framework in Frameworks */,
				C038BF4E1BE83EFC004AE33E /* AudioToolbox.framework in Frameworks */,
			);
			runOnlyForDeploymentPostprocessing = 0;
		};
		C038BF231BE80AA4004AE33E /* Frameworks */ = {
			isa = PBXFrameworksBuildPhase;
			buildActionMask = 2147483647;
			files = (
			);
			runOnlyForDeploymentPostprocessing = 0;
		};
		C038BF2E1BE80AA4004AE33E /* Frameworks */ = {
			isa = PBXFrameworksBuildPhase;
			buildActionMask = 2147483647;
			files = (
			);
			runOnlyForDeploymentPostprocessing = 0;
		};
/* End PBXFrameworksBuildPhase section */

/* Begin PBXGroup section */
		244DF080032A2A3427E23D33 /* Pods */ = {
			isa = PBXGroup;
			children = (
				64CBA8A5703403B4A985B725 /* Pods-GolfProfile.debug.xcconfig */,
				1F734DF4E326CF9F84DF1E5E /* Pods-GolfProfile.release.xcconfig */,
			);
			name = Pods;
			sourceTree = "<group>";
		};
		C02E54951C3B220C000FCA13 /* LoginViewControllers */ = {
			isa = PBXGroup;
			children = (
				C07DDFA21C245AE000F69E4B /* ForgotPasswordVC.swift */,
				C038BF751BE84287004AE33E /* LoginViewController.swift */,
				C06D00931BE9027E00A514FE /* SignUpViewController.swift */,
				C06C0F461C3DEB7400283E34 /* DeletAccountVC.swift */,
			);
			name = LoginViewControllers;
			sourceTree = "<group>";
		};
		C038BF091BE80AA4004AE33E = {
			isa = PBXGroup;
			children = (
				C038BF4A1BE83E62004AE33E /* Frameworks */,
				C038BF141BE80AA4004AE33E /* GolfProfile */,
				C038BF291BE80AA4004AE33E /* GolfProfileTests */,
				C038BF341BE80AA4004AE33E /* GolfProfileUITests */,
				C038BF131BE80AA4004AE33E /* Products */,
				244DF080032A2A3427E23D33 /* Pods */,
			);
			sourceTree = "<group>";
		};
		C038BF131BE80AA4004AE33E /* Products */ = {
			isa = PBXGroup;
			children = (
				C038BF121BE80AA4004AE33E /* GolfProfile.app */,
				C038BF261BE80AA4004AE33E /* GolfProfileTests.xctest */,
				C038BF311BE80AA4004AE33E /* GolfProfileUITests.xctest */,
			);
			name = Products;
			sourceTree = "<group>";
		};
		C038BF141BE80AA4004AE33E /* GolfProfile */ = {
			isa = PBXGroup;
			children = (
				C0CD846D1C34E427008E5ECC /* courseDataBase.realm */,
				C038BF151BE80AA4004AE33E /* AppDelegate.swift */,
				C02E54951C3B220C000FCA13 /* LoginViewControllers */,
				C038BF431BE80BAA004AE33E /* ProfileViewController.swift */,
				C0ABFA591BEA708D00DFF9FF /* EditProfileViewController.swift */,
				C01F71C01C338B5000887522 /* CourseSearchTVC.swift */,
				C06D00951BE90A6E00A514FE /* NewScoreViewController.swift */,
				C0A288471BED2D0C0003AF11 /* FriendsVC.swift */,
				C06D00911BE8F8F200A514FE /* FriendProfileViewController.swift */,
				C0C74F371BF4206700EB4E11 /* LeaderboardViewController.swift */,
				C0AFA2E71BF0106800C9F058 /* ProfilePhotoAndScorecardPhotoVC.swift */,
				C0CD846F1C34F23C008E5ECC /* RealmDataManager.swift */,
				C0AF95131C1B18EB008DCB4A /* SwiftyJSON.swift */,
				C02E54961C3CE919000FCA13 /* PrivacyPolicyVC.swift */,
				C038BF191BE80AA4004AE33E /* Main.storyboard */,
				C038BF1C1BE80AA4004AE33E /* Assets.xcassets */,
				C038BF1E1BE80AA4004AE33E /* LaunchScreen.storyboard */,
				C04597471BFB7C8A001A004D /* Keys.plist */,
				C038BF211BE80AA4004AE33E /* Info.plist */,
				C089CBE31BFBAF6400C23D53 /* CustomCells */,
				C038BF491BE81C20004AE33E /* Model */,
			);
			path = GolfProfile;
			sourceTree = "<group>";
		};
		C038BF291BE80AA4004AE33E /* GolfProfileTests */ = {
			isa = PBXGroup;
			children = (
				C038BF2A1BE80AA4004AE33E /* GolfProfileTests.swift */,
				C038BF2C1BE80AA4004AE33E /* Info.plist */,
			);
			path = GolfProfileTests;
			sourceTree = "<group>";
		};
		C038BF341BE80AA4004AE33E /* GolfProfileUITests */ = {
			isa = PBXGroup;
			children = (
				C038BF351BE80AA4004AE33E /* GolfProfileUITests.swift */,
				C038BF371BE80AA4004AE33E /* Info.plist */,
			);
			path = GolfProfileUITests;
			sourceTree = "<group>";
		};
		C038BF491BE81C20004AE33E /* Model */ = {
			isa = PBXGroup;
			children = (
				C07E7C3F1C0376B500A86EB7 /* GolfScorecard.swift */,
				C0A0AEC71C0A7E7000671B18 /* GolferProfile.swift */,
				C0255B7E1C330A4500B8BCE6 /* Course.swift */,
				C0CD84711C357173008E5ECC /* PreviousCourse.swift */,
			);
			name = Model;
			sourceTree = "<group>";
		};
		C038BF4A1BE83E62004AE33E /* Frameworks */ = {
			isa = PBXGroup;
			children = (
				C02E54931C38EB2B000FCA13 /* ALCameraViewController.framework */,
				C042BE6C1C38DE17002CA9ED /* Foundation.framework */,
				C01F71B81C33354400887522 /* Realm.framework */,
				C01F71B91C33354400887522 /* RealmSwift.framework */,
				C03D922E1C29E6000084B255 /* Fabric.framework */,
				C03D922F1C29E6000084B255 /* Crashlytics.framework */,
				C03D92321C29ED610084B255 /* ParseUI.framework */,
				C038BF651BE84072004AE33E /* Bolts.framework */,
				C038BF661BE84072004AE33E /* Parse.framework */,
				C038BF671BE84072004AE33E /* ParseCrashReporting.framework */,
				C038BF681BE84072004AE33E /* ParseFacebookUtils.framework */,
				C038BF691BE84072004AE33E /* ParseFacebookUtilsV4.framework */,
				C038BF6A1BE84072004AE33E /* ParseTwitterUtils.framework */,
				C038BF631BE83F6E004AE33E /* Social.framework */,
				C038BF611BE83F67004AE33E /* Accounts.framework */,
				C038BF5F1BE83F4A004AE33E /* libsqlite3.tbd */,
				C038BF5D1BE83F40004AE33E /* libz.tbd */,
				C038BF5B1BE83F36004AE33E /* SystemConfiguration.framework */,
				C038BF591BE83F2C004AE33E /* StoreKit.framework */,
				C038BF571BE83F25004AE33E /* Security.framework */,
				C038BF551BE83F20004AE33E /* QuartzCore.framework */,
				C038BF531BE83F1A004AE33E /* CoreLocation.framework */,
				C038BF511BE83F14004AE33E /* CoreGraphics.framework */,
				C038BF4F1BE83F04004AE33E /* CFNetwork.framework */,
				C038BF4D1BE83EFC004AE33E /* AudioToolbox.framework */,
				E5915A5F1D5560589B43882F /* Pods_GolfProfile.framework */,
			);
			name = Frameworks;
			path = GolfProfile;
			sourceTree = "<group>";
		};
		C089CBE31BFBAF6400C23D53 /* CustomCells */ = {
			isa = PBXGroup;
			children = (
				C06D00971BE980D500A514FE /* CurrentUserScorecardCell.swift */,
				C0DD4D891C1F087200AE3799 /* SearchCourseCell.swift */,
				C0DD4D8B1C1F089800AE3799 /* PreviousCourseCell.swift */,
				C0017C5B1BEDB47C00691F7D /* FriendsCell.swift */,
				C0A288491BED37810003AF11 /* FindFriendCell.swift */,
				C0017C5D1BEEC5D300691F7D /* FriendScorecardCell.swift */,
				C0C74F391BF424E400EB4E11 /* LeaderboardCell.swift */,
			);
			name = CustomCells;
			sourceTree = "<group>";
		};
/* End PBXGroup section */

/* Begin PBXNativeTarget section */
		C038BF111BE80AA4004AE33E /* GolfProfile */ = {
			isa = PBXNativeTarget;
			buildConfigurationList = C038BF3A1BE80AA4004AE33E /* Build configuration list for PBXNativeTarget "GolfProfile" */;
			buildPhases = (
				D6E98A95BACB3526AD6698B9 /* Check Pods Manifest.lock */,
				C038BF0E1BE80AA4004AE33E /* Sources */,
				C038BF0F1BE80AA4004AE33E /* Frameworks */,
				C038BF101BE80AA4004AE33E /* Resources */,
				B8F1EE822CC67360266418A6 /* Embed Pods Frameworks */,
				83E0EA3F92645E9DBA0E004B /* Copy Pods Resources */,
				C03D92251C29E5390084B255 /* ShellScript */,
				C01F71B41C332A2B00887522 /* Embed Frameworks */,
				C0CD846A1C3426BC008E5ECC /* ShellScript */,
			);
			buildRules = (
			);
			dependencies = (
			);
			name = GolfProfile;
			productName = GolfProfile;
			productReference = C038BF121BE80AA4004AE33E /* GolfProfile.app */;
			productType = "com.apple.product-type.application";
		};
		C038BF251BE80AA4004AE33E /* GolfProfileTests */ = {
			isa = PBXNativeTarget;
			buildConfigurationList = C038BF3D1BE80AA4004AE33E /* Build configuration list for PBXNativeTarget "GolfProfileTests" */;
			buildPhases = (
				C038BF221BE80AA4004AE33E /* Sources */,
				C038BF231BE80AA4004AE33E /* Frameworks */,
				C038BF241BE80AA4004AE33E /* Resources */,
			);
			buildRules = (
			);
			dependencies = (
				C038BF281BE80AA4004AE33E /* PBXTargetDependency */,
			);
			name = GolfProfileTests;
			productName = GolfProfileTests;
			productReference = C038BF261BE80AA4004AE33E /* GolfProfileTests.xctest */;
			productType = "com.apple.product-type.bundle.unit-test";
		};
		C038BF301BE80AA4004AE33E /* GolfProfileUITests */ = {
			isa = PBXNativeTarget;
			buildConfigurationList = C038BF401BE80AA4004AE33E /* Build configuration list for PBXNativeTarget "GolfProfileUITests" */;
			buildPhases = (
				C038BF2D1BE80AA4004AE33E /* Sources */,
				C038BF2E1BE80AA4004AE33E /* Frameworks */,
				C038BF2F1BE80AA4004AE33E /* Resources */,
			);
			buildRules = (
			);
			dependencies = (
				C038BF331BE80AA4004AE33E /* PBXTargetDependency */,
			);
			name = GolfProfileUITests;
			productName = GolfProfileUITests;
			productReference = C038BF311BE80AA4004AE33E /* GolfProfileUITests.xctest */;
			productType = "com.apple.product-type.bundle.ui-testing";
		};
/* End PBXNativeTarget section */

/* Begin PBXProject section */
		C038BF0A1BE80AA4004AE33E /* Project object */ = {
			isa = PBXProject;
			attributes = {
				LastSwiftUpdateCheck = 0710;
				LastUpgradeCheck = 0710;
				ORGANIZATIONNAME = DonovanCotter;
				TargetAttributes = {
					C038BF111BE80AA4004AE33E = {
						CreatedOnToolsVersion = 7.1;
						DevelopmentTeam = GNE8UF82DF;
					};
					C038BF251BE80AA4004AE33E = {
						CreatedOnToolsVersion = 7.1;
						TestTargetID = C038BF111BE80AA4004AE33E;
					};
					C038BF301BE80AA4004AE33E = {
						CreatedOnToolsVersion = 7.1;
						TestTargetID = C038BF111BE80AA4004AE33E;
					};
				};
			};
			buildConfigurationList = C038BF0D1BE80AA4004AE33E /* Build configuration list for PBXProject "PeerGolfer" */;
			compatibilityVersion = "Xcode 3.2";
			developmentRegion = English;
			hasScannedForEncodings = 0;
			knownRegions = (
				en,
				Base,
			);
			mainGroup = C038BF091BE80AA4004AE33E;
			productRefGroup = C038BF131BE80AA4004AE33E /* Products */;
			projectDirPath = "";
			projectRoot = "";
			targets = (
				C038BF111BE80AA4004AE33E /* GolfProfile */,
				C038BF251BE80AA4004AE33E /* GolfProfileTests */,
				C038BF301BE80AA4004AE33E /* GolfProfileUITests */,
			);
		};
/* End PBXProject section */

/* Begin PBXResourcesBuildPhase section */
		C038BF101BE80AA4004AE33E /* Resources */ = {
			isa = PBXResourcesBuildPhase;
			buildActionMask = 2147483647;
			files = (
				C0CD846E1C34E439008E5ECC /* courseDataBase.realm in Resources */,
				C04597481BFB7C8A001A004D /* Keys.plist in Resources */,
				C038BF201BE80AA4004AE33E /* LaunchScreen.storyboard in Resources */,
				C038BF1D1BE80AA4004AE33E /* Assets.xcassets in Resources */,
				C038BF1B1BE80AA4004AE33E /* Main.storyboard in Resources */,
			);
			runOnlyForDeploymentPostprocessing = 0;
		};
		C038BF241BE80AA4004AE33E /* Resources */ = {
			isa = PBXResourcesBuildPhase;
			buildActionMask = 2147483647;
			files = (
			);
			runOnlyForDeploymentPostprocessing = 0;
		};
		C038BF2F1BE80AA4004AE33E /* Resources */ = {
			isa = PBXResourcesBuildPhase;
			buildActionMask = 2147483647;
			files = (
			);
			runOnlyForDeploymentPostprocessing = 0;
		};
/* End PBXResourcesBuildPhase section */

/* Begin PBXShellScriptBuildPhase section */
		83E0EA3F92645E9DBA0E004B /* Copy Pods Resources */ = {
			isa = PBXShellScriptBuildPhase;
			buildActionMask = 2147483647;
			files = (
			);
			inputPaths = (
			);
			name = "Copy Pods Resources";
			outputPaths = (
			);
			runOnlyForDeploymentPostprocessing = 0;
			shellPath = /bin/sh;
			shellScript = "\"${SRCROOT}/Pods/Target Support Files/Pods-GolfProfile/Pods-GolfProfile-resources.sh\"\n";
			showEnvVarsInLog = 0;
		};
		B8F1EE822CC67360266418A6 /* Embed Pods Frameworks */ = {
			isa = PBXShellScriptBuildPhase;
			buildActionMask = 2147483647;
			files = (
			);
			inputPaths = (
			);
			name = "Embed Pods Frameworks";
			outputPaths = (
			);
			runOnlyForDeploymentPostprocessing = 0;
			shellPath = /bin/sh;
			shellScript = "\"${SRCROOT}/Pods/Target Support Files/Pods-GolfProfile/Pods-GolfProfile-frameworks.sh\"\n";
			showEnvVarsInLog = 0;
		};
		C03D92251C29E5390084B255 /* ShellScript */ = {
			isa = PBXShellScriptBuildPhase;
			buildActionMask = 2147483647;
			files = (
			);
			inputPaths = (
			);
			outputPaths = (
			);
			runOnlyForDeploymentPostprocessing = 0;
			shellPath = /bin/sh;
			shellScript = "./Fabric.framework/run 087ec597b94f91cf25cf719f28b5414d1252fe6b 933ea710c52965cf0189b9bc84c90755718cdb38d16440b2098c3517318e14fes";
		};
		C0CD846A1C3426BC008E5ECC /* ShellScript */ = {
			isa = PBXShellScriptBuildPhase;
			buildActionMask = 2147483647;
			files = (
			);
			inputPaths = (
			);
			outputPaths = (
			);
			runOnlyForDeploymentPostprocessing = 0;
			shellPath = /bin/sh;
			shellScript = "bash \"${BUILT_PRODUCTS_DIR}/${FRAMEWORKS_FOLDER_PATH}/Realm.framework/strip-frameworks.sh\"";
		};
		D6E98A95BACB3526AD6698B9 /* Check Pods Manifest.lock */ = {
			isa = PBXShellScriptBuildPhase;
			buildActionMask = 2147483647;
			files = (
			);
			inputPaths = (
			);
			name = "Check Pods Manifest.lock";
			outputPaths = (
			);
			runOnlyForDeploymentPostprocessing = 0;
			shellPath = /bin/sh;
			shellScript = "diff \"${PODS_ROOT}/../Podfile.lock\" \"${PODS_ROOT}/Manifest.lock\" > /dev/null\nif [[ $? != 0 ]] ; then\n    cat << EOM\nerror: The sandbox is not in sync with the Podfile.lock. Run 'pod install' or update your CocoaPods installation.\nEOM\n    exit 1\nfi\n";
			showEnvVarsInLog = 0;
		};
/* End PBXShellScriptBuildPhase section */

/* Begin PBXSourcesBuildPhase section */
		C038BF0E1BE80AA4004AE33E /* Sources */ = {
			isa = PBXSourcesBuildPhase;
			buildActionMask = 2147483647;
			files = (
				C06C0F471C3DEB7400283E34 /* DeletAccountVC.swift in Sources */,
				C0255B7F1C330A4500B8BCE6 /* Course.swift in Sources */,
				C0CD84721C357173008E5ECC /* PreviousCourse.swift in Sources */,
				C0ABFA5A1BEA708D00DFF9FF /* EditProfileViewController.swift in Sources */,
				C06D00961BE90A6E00A514FE /* NewScoreViewController.swift in Sources */,
				C0A2884A1BED37810003AF11 /* FindFriendCell.swift in Sources */,
				C0C74F381BF4206700EB4E11 /* LeaderboardViewController.swift in Sources */,
				C0017C5E1BEEC5D300691F7D /* FriendScorecardCell.swift in Sources */,
				C01F71C11C338B5000887522 /* CourseSearchTVC.swift in Sources */,
				C06D00981BE980D500A514FE /* CurrentUserScorecardCell.swift in Sources */,
				C02E54971C3CE919000FCA13 /* PrivacyPolicyVC.swift in Sources */,
				C07E7C401C0376B500A86EB7 /* GolfScorecard.swift in Sources */,
				C0AF95141C1B18EB008DCB4A /* SwiftyJSON.swift in Sources */,
				C0DD4D8A1C1F087200AE3799 /* SearchCourseCell.swift in Sources */,
				C038BF441BE80BAA004AE33E /* ProfileViewController.swift in Sources */,
				C06D00941BE9027E00A514FE /* SignUpViewController.swift in Sources */,
				C0A0AEC81C0A7E7000671B18 /* GolferProfile.swift in Sources */,
				C0DD4D8C1C1F089800AE3799 /* PreviousCourseCell.swift in Sources */,
				C038BF761BE84287004AE33E /* LoginViewController.swift in Sources */,
				C0CD84701C34F23C008E5ECC /* RealmDataManager.swift in Sources */,
				C0017C5C1BEDB47C00691F7D /* FriendsCell.swift in Sources */,
				C0C74F3A1BF424E400EB4E11 /* LeaderboardCell.swift in Sources */,
				C07DDFA31C245AE000F69E4B /* ForgotPasswordVC.swift in Sources */,
				C0A288481BED2D0C0003AF11 /* FriendsVC.swift in Sources */,
				C0AFA2E81BF0106800C9F058 /* ProfilePhotoAndScorecardPhotoVC.swift in Sources */,
				C06D00921BE8F8F200A514FE /* FriendProfileViewController.swift in Sources */,
				C038BF161BE80AA4004AE33E /* AppDelegate.swift in Sources */,
			);
			runOnlyForDeploymentPostprocessing = 0;
		};
		C038BF221BE80AA4004AE33E /* Sources */ = {
			isa = PBXSourcesBuildPhase;
			buildActionMask = 2147483647;
			files = (
				C038BF2B1BE80AA4004AE33E /* GolfProfileTests.swift in Sources */,
			);
			runOnlyForDeploymentPostprocessing = 0;
		};
		C038BF2D1BE80AA4004AE33E /* Sources */ = {
			isa = PBXSourcesBuildPhase;
			buildActionMask = 2147483647;
			files = (
				C038BF361BE80AA4004AE33E /* GolfProfileUITests.swift in Sources */,
			);
			runOnlyForDeploymentPostprocessing = 0;
		};
/* End PBXSourcesBuildPhase section */

/* Begin PBXTargetDependency section */
		C038BF281BE80AA4004AE33E /* PBXTargetDependency */ = {
			isa = PBXTargetDependency;
			target = C038BF111BE80AA4004AE33E /* GolfProfile */;
			targetProxy = C038BF271BE80AA4004AE33E /* PBXContainerItemProxy */;
		};
		C038BF331BE80AA4004AE33E /* PBXTargetDependency */ = {
			isa = PBXTargetDependency;
			target = C038BF111BE80AA4004AE33E /* GolfProfile */;
			targetProxy = C038BF321BE80AA4004AE33E /* PBXContainerItemProxy */;
		};
/* End PBXTargetDependency section */

/* Begin PBXVariantGroup section */
		C038BF191BE80AA4004AE33E /* Main.storyboard */ = {
			isa = PBXVariantGroup;
			children = (
				C038BF1A1BE80AA4004AE33E /* Base */,
			);
			name = Main.storyboard;
			sourceTree = "<group>";
		};
		C038BF1E1BE80AA4004AE33E /* LaunchScreen.storyboard */ = {
			isa = PBXVariantGroup;
			children = (
				C038BF1F1BE80AA4004AE33E /* Base */,
			);
			name = LaunchScreen.storyboard;
			sourceTree = "<group>";
		};
/* End PBXVariantGroup section */

/* Begin XCBuildConfiguration section */
		C038BF381BE80AA4004AE33E /* Debug */ = {
			isa = XCBuildConfiguration;
			buildSettings = {
				ALWAYS_SEARCH_USER_PATHS = NO;
				CLANG_CXX_LANGUAGE_STANDARD = "gnu++0x";
				CLANG_CXX_LIBRARY = "libc++";
				CLANG_ENABLE_MODULES = YES;
				CLANG_ENABLE_OBJC_ARC = YES;
				CLANG_WARN_BOOL_CONVERSION = YES;
				CLANG_WARN_CONSTANT_CONVERSION = YES;
				CLANG_WARN_DIRECT_OBJC_ISA_USAGE = YES_ERROR;
				CLANG_WARN_EMPTY_BODY = YES;
				CLANG_WARN_ENUM_CONVERSION = YES;
				CLANG_WARN_INT_CONVERSION = YES;
				CLANG_WARN_OBJC_ROOT_CLASS = YES_ERROR;
				CLANG_WARN_UNREACHABLE_CODE = YES;
				CLANG_WARN__DUPLICATE_METHOD_MATCH = YES;
				"CODE_SIGN_IDENTITY[sdk=iphoneos*]" = "iPhone Developer";
				COPY_PHASE_STRIP = NO;
				DEBUG_INFORMATION_FORMAT = dwarf;
				ENABLE_STRICT_OBJC_MSGSEND = YES;
				ENABLE_TESTABILITY = YES;
				GCC_C_LANGUAGE_STANDARD = gnu99;
				GCC_DYNAMIC_NO_PIC = NO;
				GCC_NO_COMMON_BLOCKS = YES;
				GCC_OPTIMIZATION_LEVEL = 0;
				GCC_PREPROCESSOR_DEFINITIONS = (
					"DEBUG=1",
					"$(inherited)",
				);
				GCC_WARN_64_TO_32_BIT_CONVERSION = YES;
				GCC_WARN_ABOUT_RETURN_TYPE = YES_ERROR;
				GCC_WARN_UNDECLARED_SELECTOR = YES;
				GCC_WARN_UNINITIALIZED_AUTOS = YES_AGGRESSIVE;
				GCC_WARN_UNUSED_FUNCTION = YES;
				GCC_WARN_UNUSED_VARIABLE = YES;
				IPHONEOS_DEPLOYMENT_TARGET = 9.1;
				MTL_ENABLE_DEBUG_INFO = YES;
				ONLY_ACTIVE_ARCH = YES;
				SDKROOT = iphoneos;
				SWIFT_OPTIMIZATION_LEVEL = "-Onone";
				TARGETED_DEVICE_FAMILY = "1,2";
			};
			name = Debug;
		};
		C038BF391BE80AA4004AE33E /* Release */ = {
			isa = XCBuildConfiguration;
			buildSettings = {
				ALWAYS_SEARCH_USER_PATHS = NO;
				CLANG_CXX_LANGUAGE_STANDARD = "gnu++0x";
				CLANG_CXX_LIBRARY = "libc++";
				CLANG_ENABLE_MODULES = YES;
				CLANG_ENABLE_OBJC_ARC = YES;
				CLANG_WARN_BOOL_CONVERSION = YES;
				CLANG_WARN_CONSTANT_CONVERSION = YES;
				CLANG_WARN_DIRECT_OBJC_ISA_USAGE = YES_ERROR;
				CLANG_WARN_EMPTY_BODY = YES;
				CLANG_WARN_ENUM_CONVERSION = YES;
				CLANG_WARN_INT_CONVERSION = YES;
				CLANG_WARN_OBJC_ROOT_CLASS = YES_ERROR;
				CLANG_WARN_UNREACHABLE_CODE = YES;
				CLANG_WARN__DUPLICATE_METHOD_MATCH = YES;
				"CODE_SIGN_IDENTITY[sdk=iphoneos*]" = "iPhone Developer";
				COPY_PHASE_STRIP = NO;
				DEBUG_INFORMATION_FORMAT = "dwarf-with-dsym";
				ENABLE_NS_ASSERTIONS = NO;
				ENABLE_STRICT_OBJC_MSGSEND = YES;
				GCC_C_LANGUAGE_STANDARD = gnu99;
				GCC_NO_COMMON_BLOCKS = YES;
				GCC_WARN_64_TO_32_BIT_CONVERSION = YES;
				GCC_WARN_ABOUT_RETURN_TYPE = YES_ERROR;
				GCC_WARN_UNDECLARED_SELECTOR = YES;
				GCC_WARN_UNINITIALIZED_AUTOS = YES_AGGRESSIVE;
				GCC_WARN_UNUSED_FUNCTION = YES;
				GCC_WARN_UNUSED_VARIABLE = YES;
				IPHONEOS_DEPLOYMENT_TARGET = 9.1;
				MTL_ENABLE_DEBUG_INFO = NO;
				SDKROOT = iphoneos;
				TARGETED_DEVICE_FAMILY = "1,2";
				VALIDATE_PRODUCT = YES;
			};
			name = Release;
		};
		C038BF3B1BE80AA4004AE33E /* Debug */ = {
			isa = XCBuildConfiguration;
			baseConfigurationReference = 64CBA8A5703403B4A985B725 /* Pods-GolfProfile.debug.xcconfig */;
			buildSettings = {
				ASSETCATALOG_COMPILER_APPICON_NAME = AppIcon;
				CODE_SIGN_IDENTITY = "iPhone Developer";
				"CODE_SIGN_IDENTITY[sdk=iphoneos*]" = "iPhone Developer";
				DEBUG_INFORMATION_FORMAT = "dwarf-with-dsym";
				ENABLE_BITCODE = YES;
				FRAMEWORK_SEARCH_PATHS = (
					"$(PROJECT_DIR)",
					"$(PROJECT_DIR)/GolfProfile",
				);
				INFOPLIST_FILE = GolfProfile/Info.plist;
				LD_RUNPATH_SEARCH_PATHS = "$(inherited) @executable_path/Frameworks";
				LIBRARY_SEARCH_PATHS = (
					"$(PROJECT_DIR)",
					"$(PROJECT_DIR)/GolfProfile",
				);
				PRODUCT_BUNDLE_IDENTIFIER = com.donovan.cotter.PeerGolfer;
				PRODUCT_NAME = "$(TARGET_NAME)";
				PROVISIONING_PROFILE = "";
				TARGETED_DEVICE_FAMILY = 1;
			};
			name = Debug;
		};
		C038BF3C1BE80AA4004AE33E /* Release */ = {
			isa = XCBuildConfiguration;
			baseConfigurationReference = 1F734DF4E326CF9F84DF1E5E /* Pods-GolfProfile.release.xcconfig */;
			buildSettings = {
				ASSETCATALOG_COMPILER_APPICON_NAME = AppIcon;
				CODE_SIGN_IDENTITY = "iPhone Developer";
				"CODE_SIGN_IDENTITY[sdk=iphoneos*]" = "iPhone Developer";
				ENABLE_BITCODE = YES;
				FRAMEWORK_SEARCH_PATHS = (
					"$(PROJECT_DIR)",
					"$(PROJECT_DIR)/GolfProfile",
				);
				INFOPLIST_FILE = GolfProfile/Info.plist;
				LD_RUNPATH_SEARCH_PATHS = "$(inherited) @executable_path/Frameworks";
				LIBRARY_SEARCH_PATHS = (
					"$(PROJECT_DIR)",
					"$(PROJECT_DIR)/GolfProfile",
				);
				PRODUCT_BUNDLE_IDENTIFIER = com.donovan.cotter.PeerGolfer;
				PRODUCT_NAME = "$(TARGET_NAME)";
				PROVISIONING_PROFILE = "";
				TARGETED_DEVICE_FAMILY = 1;
			};
			name = Release;
		};
		C038BF3E1BE80AA4004AE33E /* Debug */ = {
			isa = XCBuildConfiguration;
			buildSettings = {
				BUNDLE_LOADER = "$(TEST_HOST)";
				FRAMEWORK_SEARCH_PATHS = "$(PROJECT_DIR)";
				INFOPLIST_FILE = GolfProfileTests/Info.plist;
				LD_RUNPATH_SEARCH_PATHS = "$(inherited) @executable_path/Frameworks @loader_path/Frameworks";
				PRODUCT_BUNDLE_IDENTIFIER = com.donovan.cotter.GolfProfileTests;
				PRODUCT_NAME = "$(TARGET_NAME)";
				TEST_HOST = "$(BUILT_PRODUCTS_DIR)/GolfProfile.app/GolfProfile";
			};
			name = Debug;
		};
		C038BF3F1BE80AA4004AE33E /* Release */ = {
			isa = XCBuildConfiguration;
			buildSettings = {
				BUNDLE_LOADER = "$(TEST_HOST)";
				FRAMEWORK_SEARCH_PATHS = "$(PROJECT_DIR)";
				INFOPLIST_FILE = GolfProfileTests/Info.plist;
				LD_RUNPATH_SEARCH_PATHS = "$(inherited) @executable_path/Frameworks @loader_path/Frameworks";
				PRODUCT_BUNDLE_IDENTIFIER = com.donovan.cotter.GolfProfileTests;
				PRODUCT_NAME = "$(TARGET_NAME)";
				TEST_HOST = "$(BUILT_PRODUCTS_DIR)/GolfProfile.app/GolfProfile";
			};
			name = Release;
		};
		C038BF411BE80AA4004AE33E /* Debug */ = {
			isa = XCBuildConfiguration;
			buildSettings = {
				FRAMEWORK_SEARCH_PATHS = "";
				INFOPLIST_FILE = GolfProfileUITests/Info.plist;
				LD_RUNPATH_SEARCH_PATHS = "$(inherited) @executable_path/Frameworks @loader_path/Frameworks";
				PRODUCT_BUNDLE_IDENTIFIER = com.donovan.cotter.GolfProfileUITests;
				PRODUCT_NAME = "$(TARGET_NAME)";
				TEST_TARGET_NAME = GolfProfile;
				USES_XCTRUNNER = YES;
			};
			name = Debug;
		};
		C038BF421BE80AA4004AE33E /* Release */ = {
			isa = XCBuildConfiguration;
			buildSettings = {
				FRAMEWORK_SEARCH_PATHS = "";
				INFOPLIST_FILE = GolfProfileUITests/Info.plist;
				LD_RUNPATH_SEARCH_PATHS = "$(inherited) @executable_path/Frameworks @loader_path/Frameworks";
				PRODUCT_BUNDLE_IDENTIFIER = com.donovan.cotter.GolfProfileUITests;
				PRODUCT_NAME = "$(TARGET_NAME)";
				TEST_TARGET_NAME = GolfProfile;
				USES_XCTRUNNER = YES;
			};
			name = Release;
		};
/* End XCBuildConfiguration section */

/* Begin XCConfigurationList section */
		C038BF0D1BE80AA4004AE33E /* Build configuration list for PBXProject "PeerGolfer" */ = {
			isa = XCConfigurationList;
			buildConfigurations = (
				C038BF381BE80AA4004AE33E /* Debug */,
				C038BF391BE80AA4004AE33E /* Release */,
			);
			defaultConfigurationIsVisible = 0;
			defaultConfigurationName = Release;
		};
		C038BF3A1BE80AA4004AE33E /* Build configuration list for PBXNativeTarget "GolfProfile" */ = {
			isa = XCConfigurationList;
			buildConfigurations = (
				C038BF3B1BE80AA4004AE33E /* Debug */,
				C038BF3C1BE80AA4004AE33E /* Release */,
			);
			defaultConfigurationIsVisible = 0;
			defaultConfigurationName = Release;
		};
		C038BF3D1BE80AA4004AE33E /* Build configuration list for PBXNativeTarget "GolfProfileTests" */ = {
			isa = XCConfigurationList;
			buildConfigurations = (
				C038BF3E1BE80AA4004AE33E /* Debug */,
				C038BF3F1BE80AA4004AE33E /* Release */,
			);
			defaultConfigurationIsVisible = 0;
			defaultConfigurationName = Release;
		};
		C038BF401BE80AA4004AE33E /* Build configuration list for PBXNativeTarget "GolfProfileUITests" */ = {
			isa = XCConfigurationList;
			buildConfigurations = (
				C038BF411BE80AA4004AE33E /* Debug */,
				C038BF421BE80AA4004AE33E /* Release */,
			);
			defaultConfigurationIsVisible = 0;
			defaultConfigurationName = Release;
		};
/* End XCConfigurationList section */
	};
	rootObject = C038BF0A1BE80AA4004AE33E /* Project object */;
}
